
Microsoft Visual Studio Solution File, Format Version 12.00
# Visual Studio Version 17
VisualStudioVersion = 17.8.34330.188
MinimumVisualStudioVersion = 10.0.40219.1
Project("{9A19103F-16F7-4668-BE54-9A1E7A4F7556}") = "AkademicReport", "AkademicReport.csproj", "{23200522-ECDF-46F0-A0CA-4E01D2CAC3A4}"
EndProject
Global
	GlobalSection(SolutionConfigurationPlatforms) = preSolution
		Debug|Any CPU = Debug|Any CPU
		Release|Any CPU = Release|Any CPU
	EndGlobalSection
	GlobalSection(ProjectConfigurationPlatforms) = postSolution
		{23200522-ECDF-46F0-A0CA-4E01D2CAC3A4}.Debug|Any CPU.ActiveCfg = Debug|Any CPU
		{23200522-ECDF-46F0-A0CA-4E01D2CAC3A4}.Debug|Any CPU.Build.0 = Debug|Any CPU
		{23200522-ECDF-46F0-A0CA-4E01D2CAC3A4}.Release|Any CPU.ActiveCfg = Release|Any CPU
		{23200522-ECDF-46F0-A0CA-4E01D2CAC3A4}.Release|Any CPU.Build.0 = Release|Any CPU
	EndGlobalSection
	GlobalSection(SolutionProperties) = preSolution
		HideSolutionNode = FALSE
	EndGlobalSection
	GlobalSection(ExtensibilityGlobals) = postSolution
		SolutionGuid = {D2AB6802-6AE7-4F98-B10F-A1A574961957}
	EndGlobalSection
EndGlobal
